
Microsoft Visual Studio Solution File, Format Version 12.00
# Visual Studio Version 17
VisualStudioVersion = 17.7.34024.191
MinimumVisualStudioVersion = 10.0.40219.1
Project("{FAE04EC0-301F-11D3-BF4B-00C04F79EFBC}") = "AuctionService", "AuctionService\AuctionService.csproj", "{5B137373-53EB-4A93-897E-E4CF86BA8857}"
EndProject
Global
	GlobalSection(SolutionConfigurationPlatforms) = preSolution
		Debug|Any CPU = Debug|Any CPU
		Release|Any CPU = Release|Any CPU
	EndGlobalSection
	GlobalSection(ProjectConfigurationPlatforms) = postSolution
		{5B137373-53EB-4A93-897E-E4CF86BA8857}.Debug|Any CPU.ActiveCfg = Debug|Any CPU
		{5B137373-53EB-4A93-897E-E4CF86BA8857}.Debug|Any CPU.Build.0 = Debug|Any CPU
		{5B137373-53EB-4A93-897E-E4CF86BA8857}.Release|Any CPU.ActiveCfg = Release|Any CPU
		{5B137373-53EB-4A93-897E-E4CF86BA8857}.Release|Any CPU.Build.0 = Release|Any CPU
	EndGlobalSection
	GlobalSection(SolutionProperties) = preSolution
		HideSolutionNode = FALSE
	EndGlobalSection
	GlobalSection(ExtensibilityGlobals) = postSolution
		SolutionGuid = {075F1BD2-9F02-4E35-A519-6C998E22E8AD}
	EndGlobalSection
EndGlobal
